
Microsoft Visual Studio Solution File, Format Version 12.00
# Visual Studio 15
VisualStudioVersion = 15.0.28307.757
MinimumVisualStudioVersion = 10.0.40219.1
Project("{FAE04EC0-301F-11D3-BF4B-00C04F79EFBC}") = "MerchantsOfGalaxy", "MerchantsOfGalaxy\MerchantsOfGalaxy.csproj", "{82F87447-CFB9-495D-A5D1-710CF4D6117E}"
EndProject
Project("{FAE04EC0-301F-11D3-BF4B-00C04F79EFBC}") = "MerchantOfGalaxy.Tests", "XUnitTestProject1\MerchantOfGalaxy.Tests.csproj", "{DDBC9185-C9D8-443C-B7AE-C870804EEC83}"
EndProject
Global
	GlobalSection(SolutionConfigurationPlatforms) = preSolution
		Debug|Any CPU = Debug|Any CPU
		Release|Any CPU = Release|Any CPU
	EndGlobalSection
	GlobalSection(ProjectConfigurationPlatforms) = postSolution
		{82F87447-CFB9-495D-A5D1-710CF4D6117E}.Debug|Any CPU.ActiveCfg = Debug|Any CPU
		{82F87447-CFB9-495D-A5D1-710CF4D6117E}.Debug|Any CPU.Build.0 = Debug|Any CPU
		{82F87447-CFB9-495D-A5D1-710CF4D6117E}.Release|Any CPU.ActiveCfg = Release|Any CPU
		{82F87447-CFB9-495D-A5D1-710CF4D6117E}.Release|Any CPU.Build.0 = Release|Any CPU
		{DDBC9185-C9D8-443C-B7AE-C870804EEC83}.Debug|Any CPU.ActiveCfg = Debug|Any CPU
		{DDBC9185-C9D8-443C-B7AE-C870804EEC83}.Debug|Any CPU.Build.0 = Debug|Any CPU
		{DDBC9185-C9D8-443C-B7AE-C870804EEC83}.Release|Any CPU.ActiveCfg = Release|Any CPU
		{DDBC9185-C9D8-443C-B7AE-C870804EEC83}.Release|Any CPU.Build.0 = Release|Any CPU
	EndGlobalSection
	GlobalSection(SolutionProperties) = preSolution
		HideSolutionNode = FALSE
	EndGlobalSection
	GlobalSection(ExtensibilityGlobals) = postSolution
		SolutionGuid = {51E3F9DC-E3DA-4DA6-8648-19A8938F9885}
	EndGlobalSection
EndGlobal
